
Microsoft Visual Studio Solution File, Format Version 12.00
# Visual Studio 15
Project("{FAE04EC0-301F-11D3-BF4B-00C04F79EFBC}") = "carDealer1", "carDealer1\carDealer1.csproj", "{0D94F9F1-1417-424A-8567-0262EF4F3566}"
EndProject
Global
	GlobalSection(SolutionConfigurationPlatforms) = preSolution
		Debug|anycpu = Debug|anycpu
		Release|anycpu = Release|anycpu
	EndGlobalSection
	GlobalSection(ProjectConfigurationPlatforms) = postSolution
		{0D94F9F1-1417-424A-8567-0262EF4F3566}.Debug|anycpu.ActiveCfg = Debug|anycpu
		{0D94F9F1-1417-424A-8567-0262EF4F3566}.Debug|anycpu.Build.0 = Debug|anycpu
		{0D94F9F1-1417-424A-8567-0262EF4F3566}.Release|anycpu.ActiveCfg = Release|anycpu
		{0D94F9F1-1417-424A-8567-0262EF4F3566}.Release|anycpu.Build.0 = Release|anycpu
	EndGlobalSection
EndGlobal
